// !$*UTF8*$!
{
	archiveVersion = 1;
	classes = {
	};
	objectVersion = 50;
	objects = {

/* Begin PBXBuildFile section */
		D71B76142135B0FC000ACF52 /* AppDelegate.swift in Sources */ = {isa = PBXBuildFile; fileRef = D71B76132135B0FC000ACF52 /* AppDelegate.swift */; };
		D71B76162135B0FC000ACF52 /* ViewController.swift in Sources */ = {isa = PBXBuildFile; fileRef = D71B76152135B0FC000ACF52 /* ViewController.swift */; };
		D71B76192135B0FC000ACF52 /* Main.storyboard in Resources */ = {isa = PBXBuildFile; fileRef = D71B76172135B0FC000ACF52 /* Main.storyboard */; };
		D71B761B2135B0FE000ACF52 /* Assets.xcassets in Resources */ = {isa = PBXBuildFile; fileRef = D71B761A2135B0FE000ACF52 /* Assets.xcassets */; };
		D71B761E2135B0FE000ACF52 /* LaunchScreen.storyboard in Resources */ = {isa = PBXBuildFile; fileRef = D71B761C2135B0FE000ACF52 /* LaunchScreen.storyboard */; };
		D71B76262135B5A8000ACF52 /* TimerController.swift in Sources */ = {isa = PBXBuildFile; fileRef = D71B76252135B5A8000ACF52 /* TimerController.swift */; };
/* End PBXBuildFile section */

/* Begin PBXFileReference section */
		D71B76102135B0FC000ACF52 /* Power Nappppppppppppper.app */ = {isa = PBXFileReference; explicitFileType = wrapper.application; includeInIndex = 0; path = "Power Nappppppppppppper.app"; sourceTree = BUILT_PRODUCTS_DIR; };
		D71B76132135B0FC000ACF52 /* AppDelegate.swift */ = {isa = PBXFileReference; lastKnownFileType = sourcecode.swift; path = AppDelegate.swift; sourceTree = "<group>"; };
		D71B76152135B0FC000ACF52 /* ViewController.swift */ = {isa = PBXFileReference; lastKnownFileType = sourcecode.swift; path = ViewController.swift; sourceTree = "<group>"; };
		D71B76182135B0FC000ACF52 /* Base */ = {isa = PBXFileReference; lastKnownFileType = file.storyboard; name = Base; path = Base.lproj/Main.storyboard; sourceTree = "<group>"; };
		D71B761A2135B0FE000ACF52 /* Assets.xcassets */ = {isa = PBXFileReference; lastKnownFileType = folder.assetcatalog; path = Assets.xcassets; sourceTree = "<group>"; };
		D71B761D2135B0FE000ACF52 /* Base */ = {isa = PBXFileReference; lastKnownFileType = file.storyboard; name = Base; path = Base.lproj/LaunchScreen.storyboard; sourceTree = "<group>"; };
		D71B761F2135B0FE000ACF52 /* Info.plist */ = {isa = PBXFileReference; lastKnownFileType = text.plist.xml; path = Info.plist; sourceTree = "<group>"; };
		D71B76252135B5A8000ACF52 /* TimerController.swift */ = {isa = PBXFileReference; lastKnownFileType = sourcecode.swift; path = TimerController.swift; sourceTree = "<group>"; };
/* End PBXFileReference section */

/* Begin PBXFrameworksBuildPhase section */
		D71B760D2135B0FC000ACF52 /* Frameworks */ = {
			isa = PBXFrameworksBuildPhase;
			buildActionMask = 2147483647;
			files = (
			);
			runOnlyForDeploymentPostprocessing = 0;
		};
/* End PBXFrameworksBuildPhase section */

/* Begin PBXGroup section */
		D71B76072135B0FC000ACF52 = {
			isa = PBXGroup;
			children = (
				D71B76122135B0FC000ACF52 /* Power Nappppppppppppper */,
				D71B76112135B0FC000ACF52 /* Products */,
			);
			sourceTree = "<group>";
		};
		D71B76112135B0FC000ACF52 /* Products */ = {
			isa = PBXGroup;
			children = (
				D71B76102135B0FC000ACF52 /* Power Nappppppppppppper.app */,
			);
			name = Products;
			sourceTree = "<group>";
		};
		D71B76122135B0FC000ACF52 /* Power Nappppppppppppper */ = {
			isa = PBXGroup;
			children = (
				D71B76132135B0FC000ACF52 /* AppDelegate.swift */,
				D71B76152135B0FC000ACF52 /* ViewController.swift */,
				D71B76252135B5A8000ACF52 /* TimerController.swift */,
				D71B76172135B0FC000ACF52 /* Main.storyboard */,
				D71B761A2135B0FE000ACF52 /* Assets.xcassets */,
				D71B761C2135B0FE000ACF52 /* LaunchScreen.storyboard */,
				D71B761F2135B0FE000ACF52 /* Info.plist */,
			);
			path = "Power Nappppppppppppper";
			sourceTree = "<group>";
		};
/* End PBXGroup section */

/* Begin PBXNativeTarget section */
		D71B760F2135B0FC000ACF52 /* Power Nappppppppppppper */ = {
			isa = PBXNativeTarget;
			buildConfigurationList = D71B76222135B0FE000ACF52 /* Build configuration list for PBXNativeTarget "Power Nappppppppppppper" */;
			buildPhases = (
				D71B760C2135B0FC000ACF52 /* Sources */,
				D71B760D2135B0FC000ACF52 /* Frameworks */,
				D71B760E2135B0FC000ACF52 /* Resources */,
			);
			buildRules = (
			);
			dependencies = (
			);
			name = "Power Nappppppppppppper";
			productName = "Power Nappppppppppppper";
			productReference = D71B76102135B0FC000ACF52 /* Power Nappppppppppppper.app */;
			productType = "com.apple.product-type.application";
		};
/* End PBXNativeTarget section */

/* Begin PBXProject section */
		D71B76082135B0FC000ACF52 /* Project object */ = {
			isa = PBXProject;
			attributes = {
				LastSwiftUpdateCheck = 0940;
				LastUpgradeCheck = 0940;
				ORGANIZATIONNAME = "Jason Goodney";
				TargetAttributes = {
					D71B760F2135B0FC000ACF52 = {
						CreatedOnToolsVersion = 9.4.1;
					};
				};
			};
			buildConfigurationList = D71B760B2135B0FC000ACF52 /* Build configuration list for PBXProject "Power Nappppppppppppper" */;
			compatibilityVersion = "Xcode 9.3";
			developmentRegion = en;
			hasScannedForEncodings = 0;
			knownRegions = (
				en,
				Base,
			);
			mainGroup = D71B76072135B0FC000ACF52;
			productRefGroup = D71B76112135B0FC000ACF52 /* Products */;
			projectDirPath = "";
			projectRoot = "";
			targets = (
				D71B760F2135B0FC000ACF52 /* Power Nappppppppppppper */,
			);
		};
/* End PBXProject section */

/* Begin PBXResourcesBuildPhase section */
		D71B760E2135B0FC000ACF52 /* Resources */ = {
			isa = PBXResourcesBuildPhase;
			buildActionMask = 2147483647;
			files = (
				D71B761E2135B0FE000ACF52 /* LaunchScreen.storyboard in Resources */,
				D71B761B2135B0FE000ACF52 /* Assets.xcassets in Resources */,
				D71B76192135B0FC000ACF52 /* Main.storyboard in Resources */,
			);
			runOnlyForDeploymentPostprocessing = 0;
		};
/* End PBXResourcesBuildPhase section */

/* Begin PBXSourcesBuildPhase section */
		D71B760C2135B0FC000ACF52 /* Sources */ = {
			isa = PBXSourcesBuildPhase;
			buildActionMask = 2147483647;
			files = (
				D71B76162135B0FC000ACF52 /* ViewController.swift in Sources */,
				D71B76142135B0FC000ACF52 /* AppDelegate.swift in Sources */,
				D71B76262135B5A8000ACF52 /* TimerController.swift in Sources */,
			);
			runOnlyForDeploymentPostprocessing = 0;
		};
/* End PBXSourcesBuildPhase section */

/* Begin PBXVariantGroup section */
		D71B76172135B0FC000ACF52 /* Main.storyboard */ = {
			isa = PBXVariantGroup;
			children = (
				D71B76182135B0FC000ACF52 /* Base */,
			);
			name = Main.storyboard;
			sourceTree = "<group>";
		};
		D71B761C2135B0FE000ACF52 /* LaunchScreen.storyboard */ = {
			isa = PBXVariantGroup;
			children = (
				D71B761D2135B0FE000ACF52 /* Base */,
			);
			name = LaunchScreen.storyboard;
			sourceTree = "<group>";
		};
/* End PBXVariantGroup section */

/* Begin XCBuildConfiguration section */
		D71B76202135B0FE000ACF52 /* Debug */ = {
			isa = XCBuildConfiguration;
			buildSettings = {
				ALWAYS_SEARCH_USER_PATHS = NO;
				CLANG_ANALYZER_NONNULL = YES;
				CLANG_ANALYZER_NUMBER_OBJECT_CONVERSION = YES_AGGRESSIVE;
				CLANG_CXX_LANGUAGE_STANDARD = "gnu++14";
				CLANG_CXX_LIBRARY = "libc++";
				CLANG_ENABLE_MODULES = YES;
				CLANG_ENABLE_OBJC_ARC = YES;
				CLANG_ENABLE_OBJC_WEAK = YES;
				CLANG_WARN_BLOCK_CAPTURE_AUTORELEASING = YES;
				CLANG_WARN_BOOL_CONVERSION = YES;
				CLANG_WARN_COMMA = YES;
				CLANG_WARN_CONSTANT_CONVERSION = YES;
				CLANG_WARN_DEPRECATED_OBJC_IMPLEMENTATIONS = YES;
				CLANG_WARN_DIRECT_OBJC_ISA_USAGE = YES_ERROR;
				CLANG_WARN_DOCUMENTATION_COMMENTS = YES;
				CLANG_WARN_EMPTY_BODY = YES;
				CLANG_WARN_ENUM_CONVERSION = YES;
				CLANG_WARN_INFINITE_RECURSION = YES;
				CLANG_WARN_INT_CONVERSION = YES;
				CLANG_WARN_NON_LITERAL_NULL_CONVERSION = YES;
				CLANG_WARN_OBJC_IMPLICIT_RETAIN_SELF = YES;
				CLANG_WARN_OBJC_LITERAL_CONVERSION = YES;
				CLANG_WARN_OBJC_ROOT_CLASS = YES_ERROR;
				CLANG_WARN_RANGE_LOOP_ANALYSIS = YES;
				CLANG_WARN_STRICT_PROTOTYPES = YES;
				CLANG_WARN_SUSPICIOUS_MOVE = YES;
				CLANG_WARN_UNGUARDED_AVAILABILITY = YES_AGGRESSIVE;
				CLANG_WARN_UNREACHABLE_CODE = YES;
				CLANG_WARN__DUPLICATE_METHOD_MATCH = YES;
				CODE_SIGN_IDENTITY = "iPhone Developer";
				COPY_PHASE_STRIP = NO;
				DEBUG_INFORMATION_FORMAT = dwarf;
				ENABLE_STRICT_OBJC_MSGSEND = YES;
				ENABLE_TESTABILITY = YES;
				GCC_C_LANGUAGE_STANDARD = gnu11;
				GCC_DYNAMIC_NO_PIC = NO;
				GCC_NO_COMMON_BLOCKS = YES;
				GCC_OPTIMIZATION_LEVEL = 0;
				GCC_PREPROCESSOR_DEFINITIONS = (
					"DEBUG=1",
					"$(inherited)",
				);
				GCC_WARN_64_TO_32_BIT_CONVERSION = YES;
				GCC_WARN_ABOUT_RETURN_TYPE = YES_ERROR;
				GCC_WARN_UNDECLARED_SELECTOR = YES;
				GCC_WARN_UNINITIALIZED_AUTOS = YES_AGGRESSIVE;
				GCC_WARN_UNUSED_FUNCTION = YES;
				GCC_WARN_UNUSED_VARIABLE = YES;
				IPHONEOS_DEPLOYMENT_TARGET = 11.4;
				MTL_ENABLE_DEBUG_INFO = YES;
				ONLY_ACTIVE_ARCH = YES;
				SDKROOT = iphoneos;
				SWIFT_ACTIVE_COMPILATION_CONDITIONS = DEBUG;
				SWIFT_OPTIMIZATION_LEVEL = "-Onone";
			};
			name = Debug;
		};
		D71B76212135B0FE000ACF52 /* Release */ = {
			isa = XCBuildConfiguration;
			buildSettings = {
				ALWAYS_SEARCH_USER_PATHS = NO;
				CLANG_ANALYZER_NONNULL = YES;
				CLANG_ANALYZER_NUMBER_OBJECT_CONVERSION = YES_AGGRESSIVE;
				CLANG_CXX_LANGUAGE_STANDARD = "gnu++14";
				CLANG_CXX_LIBRARY = "libc++";
				CLANG_ENABLE_MODULES = YES;
				CLANG_ENABLE_OBJC_ARC = YES;
				CLANG_ENABLE_OBJC_WEAK = YES;
				CLANG_WARN_BLOCK_CAPTURE_AUTORELEASING = YES;
				CLANG_WARN_BOOL_CONVERSION = YES;
				CLANG_WARN_COMMA = YES;
				CLANG_WARN_CONSTANT_CONVERSION = YES;
				CLANG_WARN_DEPRECATED_OBJC_IMPLEMENTATIONS = YES;
				CLANG_WARN_DIRECT_OBJC_ISA_USAGE = YES_ERROR;
				CLANG_WARN_DOCUMENTATION_COMMENTS = YES;
				CLANG_WARN_EMPTY_BODY = YES;
				CLANG_WARN_ENUM_CONVERSION = YES;
				CLANG_WARN_INFINITE_RECURSION = YES;
				CLANG_WARN_INT_CONVERSION = YES;
				CLANG_WARN_NON_LITERAL_NULL_CONVERSION = YES;
				CLANG_WARN_OBJC_IMPLICIT_RETAIN_SELF = YES;
				CLANG_WARN_OBJC_LITERAL_CONVERSION = YES;
				CLANG_WARN_OBJC_ROOT_CLASS = YES_ERROR;
				CLANG_WARN_RANGE_LOOP_ANALYSIS = YES;
				CLANG_WARN_STRICT_PROTOTYPES = YES;
				CLANG_WARN_SUSPICIOUS_MOVE = YES;
				CLANG_WARN_UNGUARDED_AVAILABILITY = YES_AGGRESSIVE;
				CLANG_WARN_UNREACHABLE_CODE = YES;
				CLANG_WARN__DUPLICATE_METHOD_MATCH = YES;
				CODE_SIGN_IDENTITY = "iPhone Developer";
				COPY_PHASE_STRIP = NO;
				DEBUG_INFORMATION_FORMAT = "dwarf-with-dsym";
				ENABLE_NS_ASSERTIONS = NO;
				ENABLE_STRICT_OBJC_MSGSEND = YES;
				GCC_C_LANGUAGE_STANDARD = gnu11;
				GCC_NO_COMMON_BLOCKS = YES;
				GCC_WARN_64_TO_32_BIT_CONVERSION = YES;
				GCC_WARN_ABOUT_RETURN_TYPE = YES_ERROR;
				GCC_WARN_UNDECLARED_SELECTOR = YES;
				GCC_WARN_UNINITIALIZED_AUTOS = YES_AGGRESSIVE;
				GCC_WARN_UNUSED_FUNCTION = YES;
				GCC_WARN_UNUSED_VARIABLE = YES;
				IPHONEOS_DEPLOYMENT_TARGET = 11.4;
				MTL_ENABLE_DEBUG_INFO = NO;
				SDKROOT = iphoneos;
				SWIFT_COMPILATION_MODE = wholemodule;
				SWIFT_OPTIMIZATION_LEVEL = "-O";
				VALIDATE_PRODUCT = YES;
			};
			name = Release;
		};
		D71B76232135B0FE000ACF52 /* Debug */ = {
			isa = XCBuildConfiguration;
			buildSettings = {
				ASSETCATALOG_COMPILER_APPICON_NAME = AppIcon;
				CODE_SIGN_STYLE = Automatic;
				DEVELOPMENT_TEAM = K2R548H5LT;
				INFOPLIST_FILE = "Power Nappppppppppppper/Info.plist";
				LD_RUNPATH_SEARCH_PATHS = (
					"$(inherited)",
					"@executable_path/Frameworks",
				);
				PRODUCT_BUNDLE_IDENTIFIER = "com.jasongoodney.Power-Nappppppppppppper";
				PRODUCT_NAME = "$(TARGET_NAME)";
				SWIFT_VERSION = 4.0;
				TARGETED_DEVICE_FAMILY = "1,2";
			};
			name = Debug;
		};
		D71B76242135B0FE000ACF52 /* Release */ = {
			isa = XCBuildConfiguration;
			buildSettings = {
				ASSETCATALOG_COMPILER_APPICON_NAME = AppIcon;
				CODE_SIGN_STYLE = Automatic;
				DEVELOPMENT_TEAM = K2R548H5LT;
				INFOPLIST_FILE = "Power Nappppppppppppper/Info.plist";
				LD_RUNPATH_SEARCH_PATHS = (
					"$(inherited)",
					"@executable_path/Frameworks",
				);
				PRODUCT_BUNDLE_IDENTIFIER = "com.jasongoodney.Power-Nappppppppppppper";
				PRODUCT_NAME = "$(TARGET_NAME)";
				SWIFT_VERSION = 4.0;
				TARGETED_DEVICE_FAMILY = "1,2";
			};
			name = Release;
		};
/* End XCBuildConfiguration section */

/* Begin XCConfigurationList section */
		D71B760B2135B0FC000ACF52 /* Build configuration list for PBXProject "Power Nappppppppppppper" */ = {
			isa = XCConfigurationList;
			buildConfigurations = (
				D71B76202135B0FE000ACF52 /* Debug */,
				D71B76212135B0FE000ACF52 /* Release */,
			);
			defaultConfigurationIsVisible = 0;
			defaultConfigurationName = Release;
		};
		D71B76222135B0FE000ACF52 /* Build configuration list for PBXNativeTarget "Power Nappppppppppppper" */ = {
			isa = XCConfigurationList;
			buildConfigurations = (
				D71B76232135B0FE000ACF52 /* Debug */,
				D71B76242135B0FE000ACF52 /* Release */,
			);
			defaultConfigurationIsVisible = 0;
			defaultConfigurationName = Release;
		};
/* End XCConfigurationList section */
	};
	rootObject = D71B76082135B0FC000ACF52 /* Project object */;
}
